
Microsoft Visual Studio Solution File, Format Version 12.00
# Visual Studio Version 17
VisualStudioVersion = 17.6.33829.357
MinimumVisualStudioVersion = 10.0.40219.1
Project("{FAE04EC0-301F-11D3-BF4B-00C04F79EFBC}") = "01AcessoBancoDados", "01AcessoBancoDados\01AcessoBancoDados.csproj", "{F4ADF9FD-0E5B-4C8E-B523-C553ABFB9FEC}"
EndProject
Global
	GlobalSection(SolutionConfigurationPlatforms) = preSolution
		Debug|Any CPU = Debug|Any CPU
		Release|Any CPU = Release|Any CPU
	EndGlobalSection
	GlobalSection(ProjectConfigurationPlatforms) = postSolution
		{F4ADF9FD-0E5B-4C8E-B523-C553ABFB9FEC}.Debug|Any CPU.ActiveCfg = Debug|Any CPU
		{F4ADF9FD-0E5B-4C8E-B523-C553ABFB9FEC}.Debug|Any CPU.Build.0 = Debug|Any CPU
		{F4ADF9FD-0E5B-4C8E-B523-C553ABFB9FEC}.Release|Any CPU.ActiveCfg = Release|Any CPU
		{F4ADF9FD-0E5B-4C8E-B523-C553ABFB9FEC}.Release|Any CPU.Build.0 = Release|Any CPU
	EndGlobalSection
	GlobalSection(SolutionProperties) = preSolution
		HideSolutionNode = FALSE
	EndGlobalSection
	GlobalSection(ExtensibilityGlobals) = postSolution
		SolutionGuid = {A9A74B8E-6E1E-4ED1-B67C-969688765E3E}
	EndGlobalSection
EndGlobal
