
Microsoft Visual Studio Solution File, Format Version 12.00
# Visual Studio Version 17
VisualStudioVersion = 17.6.33829.357
MinimumVisualStudioVersion = 10.0.40219.1
Project("{FAE04EC0-301F-11D3-BF4B-00C04F79EFBC}") = "01TryCatch", "01TryCatch\01TryCatch.csproj", "{418F7381-1A72-42C4-B08D-D6433E409DE7}"
EndProject
Project("{FAE04EC0-301F-11D3-BF4B-00C04F79EFBC}") = "02Throw", "02Throw\02Throw.csproj", "{9F8B59A0-0F5F-4426-B27A-A39EC39F4D82}"
EndProject
Project("{FAE04EC0-301F-11D3-BF4B-00C04F79EFBC}") = "03ExcecaoPersonalizada", "03ExcecaoPersonalizada\03ExcecaoPersonalizada.csproj", "{2B7380F6-D020-4B26-976F-CB00B1CD6BB0}"
EndProject
Global
	GlobalSection(SolutionConfigurationPlatforms) = preSolution
		Debug|Any CPU = Debug|Any CPU
		Release|Any CPU = Release|Any CPU
	EndGlobalSection
	GlobalSection(ProjectConfigurationPlatforms) = postSolution
		{418F7381-1A72-42C4-B08D-D6433E409DE7}.Debug|Any CPU.ActiveCfg = Debug|Any CPU
		{418F7381-1A72-42C4-B08D-D6433E409DE7}.Debug|Any CPU.Build.0 = Debug|Any CPU
		{418F7381-1A72-42C4-B08D-D6433E409DE7}.Release|Any CPU.ActiveCfg = Release|Any CPU
		{418F7381-1A72-42C4-B08D-D6433E409DE7}.Release|Any CPU.Build.0 = Release|Any CPU
		{9F8B59A0-0F5F-4426-B27A-A39EC39F4D82}.Debug|Any CPU.ActiveCfg = Debug|Any CPU
		{9F8B59A0-0F5F-4426-B27A-A39EC39F4D82}.Debug|Any CPU.Build.0 = Debug|Any CPU
		{9F8B59A0-0F5F-4426-B27A-A39EC39F4D82}.Release|Any CPU.ActiveCfg = Release|Any CPU
		{9F8B59A0-0F5F-4426-B27A-A39EC39F4D82}.Release|Any CPU.Build.0 = Release|Any CPU
		{2B7380F6-D020-4B26-976F-CB00B1CD6BB0}.Debug|Any CPU.ActiveCfg = Debug|Any CPU
		{2B7380F6-D020-4B26-976F-CB00B1CD6BB0}.Debug|Any CPU.Build.0 = Debug|Any CPU
		{2B7380F6-D020-4B26-976F-CB00B1CD6BB0}.Release|Any CPU.ActiveCfg = Release|Any CPU
		{2B7380F6-D020-4B26-976F-CB00B1CD6BB0}.Release|Any CPU.Build.0 = Release|Any CPU
	EndGlobalSection
	GlobalSection(SolutionProperties) = preSolution
		HideSolutionNode = FALSE
	EndGlobalSection
	GlobalSection(ExtensibilityGlobals) = postSolution
		SolutionGuid = {14803402-4BA8-4B7D-A96F-8C931EDA1669}
	EndGlobalSection
EndGlobal
