
Microsoft Visual Studio Solution File, Format Version 12.00
# Visual Studio Version 17
VisualStudioVersion = 17.6.33829.357
MinimumVisualStudioVersion = 10.0.40219.1
Project("{FAE04EC0-301F-11D3-BF4B-00C04F79EFBC}") = "01Delegates", "01Delegates\01Delegates.csproj", "{169F5795-BAE9-4FF8-BB20-A67093F56084}"
EndProject
Project("{FAE04EC0-301F-11D3-BF4B-00C04F79EFBC}") = "02DelegateMulticast", "02DelegateMulticast\02DelegateMulticast.csproj", "{88517449-B455-4C3D-A361-F1218954435A}"
EndProject
Project("{FAE04EC0-301F-11D3-BF4B-00C04F79EFBC}") = "03MetodosAnonimos", "03MetodosAnonimos\03MetodosAnonimos.csproj", "{C94AD7A0-E201-4DBD-91E0-A65E2CF518CC}"
EndProject
Project("{FAE04EC0-301F-11D3-BF4B-00C04F79EFBC}") = "04ExpressaoLambda", "04ExpressaoLambda\04ExpressaoLambda.csproj", "{24774680-91B7-4638-8AC6-FFE2C77A64F0}"
EndProject
Global
	GlobalSection(SolutionConfigurationPlatforms) = preSolution
		Debug|Any CPU = Debug|Any CPU
		Release|Any CPU = Release|Any CPU
	EndGlobalSection
	GlobalSection(ProjectConfigurationPlatforms) = postSolution
		{169F5795-BAE9-4FF8-BB20-A67093F56084}.Debug|Any CPU.ActiveCfg = Debug|Any CPU
		{169F5795-BAE9-4FF8-BB20-A67093F56084}.Debug|Any CPU.Build.0 = Debug|Any CPU
		{169F5795-BAE9-4FF8-BB20-A67093F56084}.Release|Any CPU.ActiveCfg = Release|Any CPU
		{169F5795-BAE9-4FF8-BB20-A67093F56084}.Release|Any CPU.Build.0 = Release|Any CPU
		{88517449-B455-4C3D-A361-F1218954435A}.Debug|Any CPU.ActiveCfg = Debug|Any CPU
		{88517449-B455-4C3D-A361-F1218954435A}.Debug|Any CPU.Build.0 = Debug|Any CPU
		{88517449-B455-4C3D-A361-F1218954435A}.Release|Any CPU.ActiveCfg = Release|Any CPU
		{88517449-B455-4C3D-A361-F1218954435A}.Release|Any CPU.Build.0 = Release|Any CPU
		{C94AD7A0-E201-4DBD-91E0-A65E2CF518CC}.Debug|Any CPU.ActiveCfg = Debug|Any CPU
		{C94AD7A0-E201-4DBD-91E0-A65E2CF518CC}.Debug|Any CPU.Build.0 = Debug|Any CPU
		{C94AD7A0-E201-4DBD-91E0-A65E2CF518CC}.Release|Any CPU.ActiveCfg = Release|Any CPU
		{C94AD7A0-E201-4DBD-91E0-A65E2CF518CC}.Release|Any CPU.Build.0 = Release|Any CPU
		{24774680-91B7-4638-8AC6-FFE2C77A64F0}.Debug|Any CPU.ActiveCfg = Debug|Any CPU
		{24774680-91B7-4638-8AC6-FFE2C77A64F0}.Debug|Any CPU.Build.0 = Debug|Any CPU
		{24774680-91B7-4638-8AC6-FFE2C77A64F0}.Release|Any CPU.ActiveCfg = Release|Any CPU
		{24774680-91B7-4638-8AC6-FFE2C77A64F0}.Release|Any CPU.Build.0 = Release|Any CPU
	EndGlobalSection
	GlobalSection(SolutionProperties) = preSolution
		HideSolutionNode = FALSE
	EndGlobalSection
	GlobalSection(ExtensibilityGlobals) = postSolution
		SolutionGuid = {168FE6E0-5D43-4348-95D8-88A52F7203C6}
	EndGlobalSection
EndGlobal
