
Microsoft Visual Studio Solution File, Format Version 12.00
# Visual Studio Version 17
VisualStudioVersion = 17.6.33829.357
MinimumVisualStudioVersion = 10.0.40219.1
Project("{FAE04EC0-301F-11D3-BF4B-00C04F79EFBC}") = "01Arrays", "01Arrays\01Arrays.csproj", "{A952A80D-A8F2-44A9-BA2F-789041CD2586}"
EndProject
Project("{FAE04EC0-301F-11D3-BF4B-00C04F79EFBC}") = "02ClasseArray", "02ClasseArray\02ClasseArray.csproj", "{9BF1FE3D-1C97-470B-BBF1-6C780B5197F3}"
EndProject
Global
	GlobalSection(SolutionConfigurationPlatforms) = preSolution
		Debug|Any CPU = Debug|Any CPU
		Release|Any CPU = Release|Any CPU
	EndGlobalSection
	GlobalSection(ProjectConfigurationPlatforms) = postSolution
		{A952A80D-A8F2-44A9-BA2F-789041CD2586}.Debug|Any CPU.ActiveCfg = Debug|Any CPU
		{A952A80D-A8F2-44A9-BA2F-789041CD2586}.Debug|Any CPU.Build.0 = Debug|Any CPU
		{A952A80D-A8F2-44A9-BA2F-789041CD2586}.Release|Any CPU.ActiveCfg = Release|Any CPU
		{A952A80D-A8F2-44A9-BA2F-789041CD2586}.Release|Any CPU.Build.0 = Release|Any CPU
		{9BF1FE3D-1C97-470B-BBF1-6C780B5197F3}.Debug|Any CPU.ActiveCfg = Debug|Any CPU
		{9BF1FE3D-1C97-470B-BBF1-6C780B5197F3}.Debug|Any CPU.Build.0 = Debug|Any CPU
		{9BF1FE3D-1C97-470B-BBF1-6C780B5197F3}.Release|Any CPU.ActiveCfg = Release|Any CPU
		{9BF1FE3D-1C97-470B-BBF1-6C780B5197F3}.Release|Any CPU.Build.0 = Release|Any CPU
	EndGlobalSection
	GlobalSection(SolutionProperties) = preSolution
		HideSolutionNode = FALSE
	EndGlobalSection
	GlobalSection(ExtensibilityGlobals) = postSolution
		SolutionGuid = {827651ED-136C-4260-87F4-CEF6E8BC780C}
	EndGlobalSection
EndGlobal
