
Microsoft Visual Studio Solution File, Format Version 12.00
# Visual Studio Version 17
VisualStudioVersion = 17.6.33829.357
MinimumVisualStudioVersion = 10.0.40219.1
Project("{FAE04EC0-301F-11D3-BF4B-00C04F79EFBC}") = "01ArquivoJson", "01ArquivoJson\01ArquivoJson.csproj", "{720F061D-3F5B-492B-9749-7E23E7230533}"
EndProject
Global
	GlobalSection(SolutionConfigurationPlatforms) = preSolution
		Debug|Any CPU = Debug|Any CPU
		Release|Any CPU = Release|Any CPU
	EndGlobalSection
	GlobalSection(ProjectConfigurationPlatforms) = postSolution
		{720F061D-3F5B-492B-9749-7E23E7230533}.Debug|Any CPU.ActiveCfg = Debug|Any CPU
		{720F061D-3F5B-492B-9749-7E23E7230533}.Debug|Any CPU.Build.0 = Debug|Any CPU
		{720F061D-3F5B-492B-9749-7E23E7230533}.Release|Any CPU.ActiveCfg = Release|Any CPU
		{720F061D-3F5B-492B-9749-7E23E7230533}.Release|Any CPU.Build.0 = Release|Any CPU
	EndGlobalSection
	GlobalSection(SolutionProperties) = preSolution
		HideSolutionNode = FALSE
	EndGlobalSection
	GlobalSection(ExtensibilityGlobals) = postSolution
		SolutionGuid = {41DE713F-CDDE-4CC3-BF37-99ECE98D1137}
	EndGlobalSection
EndGlobal
