
Microsoft Visual Studio Solution File, Format Version 12.00
# Visual Studio Version 17
VisualStudioVersion = 17.6.33829.357
MinimumVisualStudioVersion = 10.0.40219.1
Project("{9A19103F-16F7-4668-BE54-9A1E7A4F7556}") = "01TiposNumericosIntegrais", "01TiposNumericosIntegrais\01TiposNumericosIntegrais.csproj", "{FB51BE7D-3829-4EFB-A95C-2C331051538B}"
EndProject
Project("{9A19103F-16F7-4668-BE54-9A1E7A4F7556}") = "02TiposNumericosPontoFlutuante", "02TiposNumericosPontoFlutuante\02TiposNumericosPontoFlutuante.csproj", "{3F70484E-2472-4B32-9E1D-5F370E61461C}"
EndProject
Project("{9A19103F-16F7-4668-BE54-9A1E7A4F7556}") = "03TipoBool", "03TipoBool\03TipoBool.csproj", "{78F7F4D0-2BF8-488D-9543-2BE3492026F9}"
EndProject
Project("{9A19103F-16F7-4668-BE54-9A1E7A4F7556}") = "04TipoChar", "04TipoChar\04TipoChar.csproj", "{B6918736-CFF7-4847-970B-D107478F6694}"
EndProject
Project("{9A19103F-16F7-4668-BE54-9A1E7A4F7556}") = "05TipoString", "05TipoString\05TipoString.csproj", "{69C4D298-5CE5-4B05-A934-F3F553E2A546}"
EndProject
Project("{9A19103F-16F7-4668-BE54-9A1E7A4F7556}") = "06TipoObject", "06TipoObject\06TipoObject.csproj", "{4141C24F-D9C7-45EC-AA4D-6B09700F59AB}"
EndProject
Project("{9A19103F-16F7-4668-BE54-9A1E7A4F7556}") = "07TipoDateTime", "07TipoDateTime\07TipoDateTime.csproj", "{1DF217B8-5313-412B-9E2E-0B42D835B576}"
EndProject
Project("{9A19103F-16F7-4668-BE54-9A1E7A4F7556}") = "08NullableTypes", "08NullableTypes\08NullableTypes.csproj", "{41F4C865-7522-4182-894E-FE11044FFF34}"
EndProject
Project("{FAE04EC0-301F-11D3-BF4B-00C04F79EFBC}") = "09Identificadores", "09Identificadores\09Identificadores.csproj", "{F1551B84-59F9-44C6-83D2-331B054C6D67}"
EndProject
Project("{FAE04EC0-301F-11D3-BF4B-00C04F79EFBC}") = "10SaidaDados", "10SaidaDados\10SaidaDados.csproj", "{2D52ECD0-DE27-4269-90E3-3A4ACE3F0BC5}"
EndProject
Project("{FAE04EC0-301F-11D3-BF4B-00C04F79EFBC}") = "11Escapes", "11Escapes\11Escapes.csproj", "{10DAC3FD-57CC-4D3B-8B04-42C59A9DEED7}"
EndProject
Project("{FAE04EC0-301F-11D3-BF4B-00C04F79EFBC}") = "12ConversaoTipos", "12ConversaoTipos\12ConversaoTipos.csproj", "{94D5EA2F-228B-4039-9FE9-63812264E190}"
EndProject
Global
	GlobalSection(SolutionConfigurationPlatforms) = preSolution
		Debug|Any CPU = Debug|Any CPU
		Release|Any CPU = Release|Any CPU
	EndGlobalSection
	GlobalSection(ProjectConfigurationPlatforms) = postSolution
		{FB51BE7D-3829-4EFB-A95C-2C331051538B}.Debug|Any CPU.ActiveCfg = Debug|Any CPU
		{FB51BE7D-3829-4EFB-A95C-2C331051538B}.Debug|Any CPU.Build.0 = Debug|Any CPU
		{FB51BE7D-3829-4EFB-A95C-2C331051538B}.Release|Any CPU.ActiveCfg = Release|Any CPU
		{FB51BE7D-3829-4EFB-A95C-2C331051538B}.Release|Any CPU.Build.0 = Release|Any CPU
		{3F70484E-2472-4B32-9E1D-5F370E61461C}.Debug|Any CPU.ActiveCfg = Debug|Any CPU
		{3F70484E-2472-4B32-9E1D-5F370E61461C}.Debug|Any CPU.Build.0 = Debug|Any CPU
		{3F70484E-2472-4B32-9E1D-5F370E61461C}.Release|Any CPU.ActiveCfg = Release|Any CPU
		{3F70484E-2472-4B32-9E1D-5F370E61461C}.Release|Any CPU.Build.0 = Release|Any CPU
		{78F7F4D0-2BF8-488D-9543-2BE3492026F9}.Debug|Any CPU.ActiveCfg = Debug|Any CPU
		{78F7F4D0-2BF8-488D-9543-2BE3492026F9}.Debug|Any CPU.Build.0 = Debug|Any CPU
		{78F7F4D0-2BF8-488D-9543-2BE3492026F9}.Release|Any CPU.ActiveCfg = Release|Any CPU
		{78F7F4D0-2BF8-488D-9543-2BE3492026F9}.Release|Any CPU.Build.0 = Release|Any CPU
		{B6918736-CFF7-4847-970B-D107478F6694}.Debug|Any CPU.ActiveCfg = Debug|Any CPU
		{B6918736-CFF7-4847-970B-D107478F6694}.Debug|Any CPU.Build.0 = Debug|Any CPU
		{B6918736-CFF7-4847-970B-D107478F6694}.Release|Any CPU.ActiveCfg = Release|Any CPU
		{B6918736-CFF7-4847-970B-D107478F6694}.Release|Any CPU.Build.0 = Release|Any CPU
		{69C4D298-5CE5-4B05-A934-F3F553E2A546}.Debug|Any CPU.ActiveCfg = Debug|Any CPU
		{69C4D298-5CE5-4B05-A934-F3F553E2A546}.Debug|Any CPU.Build.0 = Debug|Any CPU
		{69C4D298-5CE5-4B05-A934-F3F553E2A546}.Release|Any CPU.ActiveCfg = Release|Any CPU
		{69C4D298-5CE5-4B05-A934-F3F553E2A546}.Release|Any CPU.Build.0 = Release|Any CPU
		{4141C24F-D9C7-45EC-AA4D-6B09700F59AB}.Debug|Any CPU.ActiveCfg = Debug|Any CPU
		{4141C24F-D9C7-45EC-AA4D-6B09700F59AB}.Debug|Any CPU.Build.0 = Debug|Any CPU
		{4141C24F-D9C7-45EC-AA4D-6B09700F59AB}.Release|Any CPU.ActiveCfg = Release|Any CPU
		{4141C24F-D9C7-45EC-AA4D-6B09700F59AB}.Release|Any CPU.Build.0 = Release|Any CPU
		{1DF217B8-5313-412B-9E2E-0B42D835B576}.Debug|Any CPU.ActiveCfg = Debug|Any CPU
		{1DF217B8-5313-412B-9E2E-0B42D835B576}.Debug|Any CPU.Build.0 = Debug|Any CPU
		{1DF217B8-5313-412B-9E2E-0B42D835B576}.Release|Any CPU.ActiveCfg = Release|Any CPU
		{1DF217B8-5313-412B-9E2E-0B42D835B576}.Release|Any CPU.Build.0 = Release|Any CPU
		{41F4C865-7522-4182-894E-FE11044FFF34}.Debug|Any CPU.ActiveCfg = Debug|Any CPU
		{41F4C865-7522-4182-894E-FE11044FFF34}.Debug|Any CPU.Build.0 = Debug|Any CPU
		{41F4C865-7522-4182-894E-FE11044FFF34}.Release|Any CPU.ActiveCfg = Release|Any CPU
		{41F4C865-7522-4182-894E-FE11044FFF34}.Release|Any CPU.Build.0 = Release|Any CPU
		{F1551B84-59F9-44C6-83D2-331B054C6D67}.Debug|Any CPU.ActiveCfg = Debug|Any CPU
		{F1551B84-59F9-44C6-83D2-331B054C6D67}.Debug|Any CPU.Build.0 = Debug|Any CPU
		{F1551B84-59F9-44C6-83D2-331B054C6D67}.Release|Any CPU.ActiveCfg = Release|Any CPU
		{F1551B84-59F9-44C6-83D2-331B054C6D67}.Release|Any CPU.Build.0 = Release|Any CPU
		{2D52ECD0-DE27-4269-90E3-3A4ACE3F0BC5}.Debug|Any CPU.ActiveCfg = Debug|Any CPU
		{2D52ECD0-DE27-4269-90E3-3A4ACE3F0BC5}.Debug|Any CPU.Build.0 = Debug|Any CPU
		{2D52ECD0-DE27-4269-90E3-3A4ACE3F0BC5}.Release|Any CPU.ActiveCfg = Release|Any CPU
		{2D52ECD0-DE27-4269-90E3-3A4ACE3F0BC5}.Release|Any CPU.Build.0 = Release|Any CPU
		{10DAC3FD-57CC-4D3B-8B04-42C59A9DEED7}.Debug|Any CPU.ActiveCfg = Debug|Any CPU
		{10DAC3FD-57CC-4D3B-8B04-42C59A9DEED7}.Debug|Any CPU.Build.0 = Debug|Any CPU
		{10DAC3FD-57CC-4D3B-8B04-42C59A9DEED7}.Release|Any CPU.ActiveCfg = Release|Any CPU
		{10DAC3FD-57CC-4D3B-8B04-42C59A9DEED7}.Release|Any CPU.Build.0 = Release|Any CPU
		{94D5EA2F-228B-4039-9FE9-63812264E190}.Debug|Any CPU.ActiveCfg = Debug|Any CPU
		{94D5EA2F-228B-4039-9FE9-63812264E190}.Debug|Any CPU.Build.0 = Debug|Any CPU
		{94D5EA2F-228B-4039-9FE9-63812264E190}.Release|Any CPU.ActiveCfg = Release|Any CPU
		{94D5EA2F-228B-4039-9FE9-63812264E190}.Release|Any CPU.Build.0 = Release|Any CPU
	EndGlobalSection
	GlobalSection(SolutionProperties) = preSolution
		HideSolutionNode = FALSE
	EndGlobalSection
	GlobalSection(ExtensibilityGlobals) = postSolution
		SolutionGuid = {C91E5795-18A1-4134-87F9-6D2C73FBE31C}
	EndGlobalSection
EndGlobal
