
Microsoft Visual Studio Solution File, Format Version 12.00
# Visual Studio Version 17
VisualStudioVersion = 17.6.33829.357
MinimumVisualStudioVersion = 10.0.40219.1
Project("{FAE04EC0-301F-11D3-BF4B-00C04F79EFBC}") = "01ProgramacaoAssincrona", "01ProgramacaoAssincrona\01ProgramacaoAssincrona.csproj", "{A027FD0E-5AE3-47D6-8A1A-D058D7B468F8}"
EndProject
Project("{FAE04EC0-301F-11D3-BF4B-00C04F79EFBC}") = "02ValueTask", "02ValueTask\02ValueTask.csproj", "{42A92410-E06B-48F5-B1DD-FC4188513105}"
EndProject
Global
	GlobalSection(SolutionConfigurationPlatforms) = preSolution
		Debug|Any CPU = Debug|Any CPU
		Release|Any CPU = Release|Any CPU
	EndGlobalSection
	GlobalSection(ProjectConfigurationPlatforms) = postSolution
		{A027FD0E-5AE3-47D6-8A1A-D058D7B468F8}.Debug|Any CPU.ActiveCfg = Debug|Any CPU
		{A027FD0E-5AE3-47D6-8A1A-D058D7B468F8}.Debug|Any CPU.Build.0 = Debug|Any CPU
		{A027FD0E-5AE3-47D6-8A1A-D058D7B468F8}.Release|Any CPU.ActiveCfg = Release|Any CPU
		{A027FD0E-5AE3-47D6-8A1A-D058D7B468F8}.Release|Any CPU.Build.0 = Release|Any CPU
		{42A92410-E06B-48F5-B1DD-FC4188513105}.Debug|Any CPU.ActiveCfg = Debug|Any CPU
		{42A92410-E06B-48F5-B1DD-FC4188513105}.Debug|Any CPU.Build.0 = Debug|Any CPU
		{42A92410-E06B-48F5-B1DD-FC4188513105}.Release|Any CPU.ActiveCfg = Release|Any CPU
		{42A92410-E06B-48F5-B1DD-FC4188513105}.Release|Any CPU.Build.0 = Release|Any CPU
	EndGlobalSection
	GlobalSection(SolutionProperties) = preSolution
		HideSolutionNode = FALSE
	EndGlobalSection
	GlobalSection(ExtensibilityGlobals) = postSolution
		SolutionGuid = {9C995969-4414-4439-8F60-1FC7A3A36601}
	EndGlobalSection
EndGlobal
