
Microsoft Visual Studio Solution File, Format Version 12.00
# Visual Studio Version 17
VisualStudioVersion = 17.6.33829.357
MinimumVisualStudioVersion = 10.0.40219.1
Project("{9A19103F-16F7-4668-BE54-9A1E7A4F7556}") = "01Classes", "01Classes\01Classes.csproj", "{DB49DDDB-C336-4F3D-B7A0-DC4599DAEF22}"
EndProject
Project("{9A19103F-16F7-4668-BE54-9A1E7A4F7556}") = "02Metodos", "02Metodos\02Metodos.csproj", "{31DF1B89-5C8C-4BF1-ACA1-B4231B2A8381}"
EndProject
Project("{9A19103F-16F7-4668-BE54-9A1E7A4F7556}") = "03MetodosParametros", "03MetodosParametros\03MetodosParametros.csproj", "{4EC22D00-E286-49B2-8506-B061BFD54299}"
EndProject
Project("{9A19103F-16F7-4668-BE54-9A1E7A4F7556}") = "04MetodosParametros2", "04MetodosParametros2\04MetodosParametros2.csproj", "{24BF1D0C-9CEE-478D-814D-049775B89774}"
EndProject
Project("{9A19103F-16F7-4668-BE54-9A1E7A4F7556}") = "05Construtores", "05Construtores\05Construtores.csproj", "{DC313F78-4DC8-4427-B412-88BF60502049}"
EndProject
Project("{9A19103F-16F7-4668-BE54-9A1E7A4F7556}") = "06This", "06This\06This.csproj", "{A052E080-9669-4D3A-9052-3FB7033E8BDC}"
EndProject
Project("{9A19103F-16F7-4668-BE54-9A1E7A4F7556}") = "07MetodosRetorno", "06MetodosRetorno\07MetodosRetorno.csproj", "{9F941DAC-0EC6-472D-A6EA-A390F5FE9A74}"
EndProject
Project("{9A19103F-16F7-4668-BE54-9A1E7A4F7556}") = "08MetodosSobrecarregados", "08MetodosSobrecarregados\08MetodosSobrecarregados.csproj", "{9C518073-FF0A-4F75-89E5-ADFA140A7F6B}"
EndProject
Project("{9A19103F-16F7-4668-BE54-9A1E7A4F7556}") = "09ArgumentosValor", "09ArgumentosValor\09ArgumentosValor.csproj", "{48D68DA3-6C31-4DB5-A5E9-8F804A570185}"
EndProject
Project("{9A19103F-16F7-4668-BE54-9A1E7A4F7556}") = "10ArgumentosReferencia", "10ArgumentosReferencia\10ArgumentosReferencia.csproj", "{31492251-2673-47E1-B3D5-D176BCF5D1F2}"
EndProject
Project("{9A19103F-16F7-4668-BE54-9A1E7A4F7556}") = "11ReferênciaOut", "11ReferênciaOut\11ReferênciaOut.csproj", "{0E0C6B59-746C-4F88-A340-8D0E7DB9EFF5}"
EndProject
Project("{9A19103F-16F7-4668-BE54-9A1E7A4F7556}") = "12ArgumentosNomeados", "12ArgumentosNomeados\12ArgumentosNomeados.csproj", "{1E56D0D2-1EA0-4CE1-8460-3E8EEE29BC6D}"
EndProject
Project("{9A19103F-16F7-4668-BE54-9A1E7A4F7556}") = "13ParametrosOpcionais", "13ParametrosOpcionais\13ParametrosOpcionais.csproj", "{F2A71896-0B39-4B64-93B4-B4EDB64226CF}"
EndProject
Project("{9A19103F-16F7-4668-BE54-9A1E7A4F7556}") = "14MetodosEstaticos", "14MetodosEstaticos\14MetodosEstaticos.csproj", "{181AE7BC-424E-40D9-919E-223631E91F25}"
EndProject
Project("{9A19103F-16F7-4668-BE54-9A1E7A4F7556}") = "15CamposEstaticos", "15CamposEstaticos\15CamposEstaticos.csproj", "{FE4D80BA-8299-43CE-AAC8-FEE85BC3B4F6}"
EndProject
Project("{9A19103F-16F7-4668-BE54-9A1E7A4F7556}") = "16Propriedades", "16Propriedades\16Propriedades.csproj", "{1DA1C3D1-06F2-4DB5-980B-22E06E8BA544}"
EndProject
Project("{9A19103F-16F7-4668-BE54-9A1E7A4F7556}") = "17Struct", "17Struct\17Struct.csproj", "{1B8975CE-B58B-4727-AF0F-38DBC1641798}"
EndProject
Project("{FAE04EC0-301F-11D3-BF4B-00C04F79EFBC}") = "18Enumeradores", "18Enumeradores\18Enumeradores.csproj", "{C4D5EAFA-1501-42EE-A743-CC59EFD7076D}"
EndProject
Project("{FAE04EC0-301F-11D3-BF4B-00C04F79EFBC}") = "19BlocoTryCatch", "19BlocoTryCatch\19BlocoTryCatch.csproj", "{08926965-6A46-4968-B32D-0DAD77C4495A}"
EndProject
Project("{FAE04EC0-301F-11D3-BF4B-00C04F79EFBC}") = "20TiposAnonimos", "20TiposAnonimos\20TiposAnonimos.csproj", "{3F565EDC-E6B2-4862-A904-24AF36DFFF6A}"
EndProject
Project("{FAE04EC0-301F-11D3-BF4B-00C04F79EFBC}") = "21PartialClass", "21PartialClass\21PartialClass.csproj", "{7830109E-6939-4E14-8876-FECD01FC7300}"
EndProject
Global
	GlobalSection(SolutionConfigurationPlatforms) = preSolution
		Debug|Any CPU = Debug|Any CPU
		Release|Any CPU = Release|Any CPU
	EndGlobalSection
	GlobalSection(ProjectConfigurationPlatforms) = postSolution
		{DB49DDDB-C336-4F3D-B7A0-DC4599DAEF22}.Debug|Any CPU.ActiveCfg = Debug|Any CPU
		{DB49DDDB-C336-4F3D-B7A0-DC4599DAEF22}.Debug|Any CPU.Build.0 = Debug|Any CPU
		{DB49DDDB-C336-4F3D-B7A0-DC4599DAEF22}.Release|Any CPU.ActiveCfg = Release|Any CPU
		{DB49DDDB-C336-4F3D-B7A0-DC4599DAEF22}.Release|Any CPU.Build.0 = Release|Any CPU
		{31DF1B89-5C8C-4BF1-ACA1-B4231B2A8381}.Debug|Any CPU.ActiveCfg = Debug|Any CPU
		{31DF1B89-5C8C-4BF1-ACA1-B4231B2A8381}.Debug|Any CPU.Build.0 = Debug|Any CPU
		{31DF1B89-5C8C-4BF1-ACA1-B4231B2A8381}.Release|Any CPU.ActiveCfg = Release|Any CPU
		{31DF1B89-5C8C-4BF1-ACA1-B4231B2A8381}.Release|Any CPU.Build.0 = Release|Any CPU
		{4EC22D00-E286-49B2-8506-B061BFD54299}.Debug|Any CPU.ActiveCfg = Debug|Any CPU
		{4EC22D00-E286-49B2-8506-B061BFD54299}.Debug|Any CPU.Build.0 = Debug|Any CPU
		{4EC22D00-E286-49B2-8506-B061BFD54299}.Release|Any CPU.ActiveCfg = Release|Any CPU
		{4EC22D00-E286-49B2-8506-B061BFD54299}.Release|Any CPU.Build.0 = Release|Any CPU
		{24BF1D0C-9CEE-478D-814D-049775B89774}.Debug|Any CPU.ActiveCfg = Debug|Any CPU
		{24BF1D0C-9CEE-478D-814D-049775B89774}.Debug|Any CPU.Build.0 = Debug|Any CPU
		{24BF1D0C-9CEE-478D-814D-049775B89774}.Release|Any CPU.ActiveCfg = Release|Any CPU
		{24BF1D0C-9CEE-478D-814D-049775B89774}.Release|Any CPU.Build.0 = Release|Any CPU
		{DC313F78-4DC8-4427-B412-88BF60502049}.Debug|Any CPU.ActiveCfg = Debug|Any CPU
		{DC313F78-4DC8-4427-B412-88BF60502049}.Debug|Any CPU.Build.0 = Debug|Any CPU
		{DC313F78-4DC8-4427-B412-88BF60502049}.Release|Any CPU.ActiveCfg = Release|Any CPU
		{DC313F78-4DC8-4427-B412-88BF60502049}.Release|Any CPU.Build.0 = Release|Any CPU
		{A052E080-9669-4D3A-9052-3FB7033E8BDC}.Debug|Any CPU.ActiveCfg = Debug|Any CPU
		{A052E080-9669-4D3A-9052-3FB7033E8BDC}.Debug|Any CPU.Build.0 = Debug|Any CPU
		{A052E080-9669-4D3A-9052-3FB7033E8BDC}.Release|Any CPU.ActiveCfg = Release|Any CPU
		{A052E080-9669-4D3A-9052-3FB7033E8BDC}.Release|Any CPU.Build.0 = Release|Any CPU
		{9F941DAC-0EC6-472D-A6EA-A390F5FE9A74}.Debug|Any CPU.ActiveCfg = Debug|Any CPU
		{9F941DAC-0EC6-472D-A6EA-A390F5FE9A74}.Debug|Any CPU.Build.0 = Debug|Any CPU
		{9F941DAC-0EC6-472D-A6EA-A390F5FE9A74}.Release|Any CPU.ActiveCfg = Release|Any CPU
		{9F941DAC-0EC6-472D-A6EA-A390F5FE9A74}.Release|Any CPU.Build.0 = Release|Any CPU
		{9C518073-FF0A-4F75-89E5-ADFA140A7F6B}.Debug|Any CPU.ActiveCfg = Debug|Any CPU
		{9C518073-FF0A-4F75-89E5-ADFA140A7F6B}.Debug|Any CPU.Build.0 = Debug|Any CPU
		{9C518073-FF0A-4F75-89E5-ADFA140A7F6B}.Release|Any CPU.ActiveCfg = Release|Any CPU
		{9C518073-FF0A-4F75-89E5-ADFA140A7F6B}.Release|Any CPU.Build.0 = Release|Any CPU
		{48D68DA3-6C31-4DB5-A5E9-8F804A570185}.Debug|Any CPU.ActiveCfg = Debug|Any CPU
		{48D68DA3-6C31-4DB5-A5E9-8F804A570185}.Debug|Any CPU.Build.0 = Debug|Any CPU
		{48D68DA3-6C31-4DB5-A5E9-8F804A570185}.Release|Any CPU.ActiveCfg = Release|Any CPU
		{48D68DA3-6C31-4DB5-A5E9-8F804A570185}.Release|Any CPU.Build.0 = Release|Any CPU
		{31492251-2673-47E1-B3D5-D176BCF5D1F2}.Debug|Any CPU.ActiveCfg = Debug|Any CPU
		{31492251-2673-47E1-B3D5-D176BCF5D1F2}.Debug|Any CPU.Build.0 = Debug|Any CPU
		{31492251-2673-47E1-B3D5-D176BCF5D1F2}.Release|Any CPU.ActiveCfg = Release|Any CPU
		{31492251-2673-47E1-B3D5-D176BCF5D1F2}.Release|Any CPU.Build.0 = Release|Any CPU
		{0E0C6B59-746C-4F88-A340-8D0E7DB9EFF5}.Debug|Any CPU.ActiveCfg = Debug|Any CPU
		{0E0C6B59-746C-4F88-A340-8D0E7DB9EFF5}.Debug|Any CPU.Build.0 = Debug|Any CPU
		{0E0C6B59-746C-4F88-A340-8D0E7DB9EFF5}.Release|Any CPU.ActiveCfg = Release|Any CPU
		{0E0C6B59-746C-4F88-A340-8D0E7DB9EFF5}.Release|Any CPU.Build.0 = Release|Any CPU
		{1E56D0D2-1EA0-4CE1-8460-3E8EEE29BC6D}.Debug|Any CPU.ActiveCfg = Debug|Any CPU
		{1E56D0D2-1EA0-4CE1-8460-3E8EEE29BC6D}.Debug|Any CPU.Build.0 = Debug|Any CPU
		{1E56D0D2-1EA0-4CE1-8460-3E8EEE29BC6D}.Release|Any CPU.ActiveCfg = Release|Any CPU
		{1E56D0D2-1EA0-4CE1-8460-3E8EEE29BC6D}.Release|Any CPU.Build.0 = Release|Any CPU
		{F2A71896-0B39-4B64-93B4-B4EDB64226CF}.Debug|Any CPU.ActiveCfg = Debug|Any CPU
		{F2A71896-0B39-4B64-93B4-B4EDB64226CF}.Debug|Any CPU.Build.0 = Debug|Any CPU
		{F2A71896-0B39-4B64-93B4-B4EDB64226CF}.Release|Any CPU.ActiveCfg = Release|Any CPU
		{F2A71896-0B39-4B64-93B4-B4EDB64226CF}.Release|Any CPU.Build.0 = Release|Any CPU
		{181AE7BC-424E-40D9-919E-223631E91F25}.Debug|Any CPU.ActiveCfg = Debug|Any CPU
		{181AE7BC-424E-40D9-919E-223631E91F25}.Debug|Any CPU.Build.0 = Debug|Any CPU
		{181AE7BC-424E-40D9-919E-223631E91F25}.Release|Any CPU.ActiveCfg = Release|Any CPU
		{181AE7BC-424E-40D9-919E-223631E91F25}.Release|Any CPU.Build.0 = Release|Any CPU
		{FE4D80BA-8299-43CE-AAC8-FEE85BC3B4F6}.Debug|Any CPU.ActiveCfg = Debug|Any CPU
		{FE4D80BA-8299-43CE-AAC8-FEE85BC3B4F6}.Debug|Any CPU.Build.0 = Debug|Any CPU
		{FE4D80BA-8299-43CE-AAC8-FEE85BC3B4F6}.Release|Any CPU.ActiveCfg = Release|Any CPU
		{FE4D80BA-8299-43CE-AAC8-FEE85BC3B4F6}.Release|Any CPU.Build.0 = Release|Any CPU
		{1DA1C3D1-06F2-4DB5-980B-22E06E8BA544}.Debug|Any CPU.ActiveCfg = Debug|Any CPU
		{1DA1C3D1-06F2-4DB5-980B-22E06E8BA544}.Debug|Any CPU.Build.0 = Debug|Any CPU
		{1DA1C3D1-06F2-4DB5-980B-22E06E8BA544}.Release|Any CPU.ActiveCfg = Release|Any CPU
		{1DA1C3D1-06F2-4DB5-980B-22E06E8BA544}.Release|Any CPU.Build.0 = Release|Any CPU
		{1B8975CE-B58B-4727-AF0F-38DBC1641798}.Debug|Any CPU.ActiveCfg = Debug|Any CPU
		{1B8975CE-B58B-4727-AF0F-38DBC1641798}.Debug|Any CPU.Build.0 = Debug|Any CPU
		{1B8975CE-B58B-4727-AF0F-38DBC1641798}.Release|Any CPU.ActiveCfg = Release|Any CPU
		{1B8975CE-B58B-4727-AF0F-38DBC1641798}.Release|Any CPU.Build.0 = Release|Any CPU
		{C4D5EAFA-1501-42EE-A743-CC59EFD7076D}.Debug|Any CPU.ActiveCfg = Debug|Any CPU
		{C4D5EAFA-1501-42EE-A743-CC59EFD7076D}.Debug|Any CPU.Build.0 = Debug|Any CPU
		{C4D5EAFA-1501-42EE-A743-CC59EFD7076D}.Release|Any CPU.ActiveCfg = Release|Any CPU
		{C4D5EAFA-1501-42EE-A743-CC59EFD7076D}.Release|Any CPU.Build.0 = Release|Any CPU
		{08926965-6A46-4968-B32D-0DAD77C4495A}.Debug|Any CPU.ActiveCfg = Debug|Any CPU
		{08926965-6A46-4968-B32D-0DAD77C4495A}.Debug|Any CPU.Build.0 = Debug|Any CPU
		{08926965-6A46-4968-B32D-0DAD77C4495A}.Release|Any CPU.ActiveCfg = Release|Any CPU
		{08926965-6A46-4968-B32D-0DAD77C4495A}.Release|Any CPU.Build.0 = Release|Any CPU
		{3F565EDC-E6B2-4862-A904-24AF36DFFF6A}.Debug|Any CPU.ActiveCfg = Debug|Any CPU
		{3F565EDC-E6B2-4862-A904-24AF36DFFF6A}.Debug|Any CPU.Build.0 = Debug|Any CPU
		{3F565EDC-E6B2-4862-A904-24AF36DFFF6A}.Release|Any CPU.ActiveCfg = Release|Any CPU
		{3F565EDC-E6B2-4862-A904-24AF36DFFF6A}.Release|Any CPU.Build.0 = Release|Any CPU
		{7830109E-6939-4E14-8876-FECD01FC7300}.Debug|Any CPU.ActiveCfg = Debug|Any CPU
		{7830109E-6939-4E14-8876-FECD01FC7300}.Debug|Any CPU.Build.0 = Debug|Any CPU
		{7830109E-6939-4E14-8876-FECD01FC7300}.Release|Any CPU.ActiveCfg = Release|Any CPU
		{7830109E-6939-4E14-8876-FECD01FC7300}.Release|Any CPU.Build.0 = Release|Any CPU
	EndGlobalSection
	GlobalSection(SolutionProperties) = preSolution
		HideSolutionNode = FALSE
	EndGlobalSection
	GlobalSection(ExtensibilityGlobals) = postSolution
		SolutionGuid = {F33F6AB5-174B-4DEC-AF87-8C13969C60E4}
	EndGlobalSection
EndGlobal
